// !$*UTF8*$!
{
	archiveVersion = 1;
	classes = {
	};
	objectVersion = 46;
	objects = {

/* Begin PBXBuildFile section */
		289493FE0544586A2FA64087 /* libPods-NTJsonStoreTests.a in Frameworks */ = {isa = PBXBuildFile; fileRef = F8FB8BF83942B63AA56C4CB5 /* libPods-NTJsonStoreTests.a */; };
		F02A134A191A920000812515 /* BaseTestCase.m in Sources */ = {isa = PBXBuildFile; fileRef = F02A1349191A920000812515 /* BaseTestCase.m */; };
		F05F138C1AC3109C00B02DEF /* NTJsonStore in Resources */ = {isa = PBXBuildFile; fileRef = F05F138B1AC3109C00B02DEF /* NTJsonStore */; };
		F05F138E1AC310CA00B02DEF /* Podfile in Resources */ = {isa = PBXBuildFile; fileRef = F05F138D1AC310CA00B02DEF /* Podfile */; };
		F0A410401916E7350046480F /* XCTest.framework in Frameworks */ = {isa = PBXBuildFile; fileRef = F0A4103F1916E7350046480F /* XCTest.framework */; };
		F0A410421916E7350046480F /* Foundation.framework in Frameworks */ = {isa = PBXBuildFile; fileRef = F0A410411916E7350046480F /* Foundation.framework */; };
		F0A410441916E7350046480F /* UIKit.framework in Frameworks */ = {isa = PBXBuildFile; fileRef = F0A410431916E7350046480F /* UIKit.framework */; };
		F0A4104A1916E7350046480F /* InfoPlist.strings in Resources */ = {isa = PBXBuildFile; fileRef = F0A410481916E7350046480F /* InfoPlist.strings */; };
		F0A4104C1916E7350046480F /* NTJsonStoreTests.m in Sources */ = {isa = PBXBuildFile; fileRef = F0A4104B1916E7350046480F /* NTJsonStoreTests.m */; };
		F0A410C3191704BF0046480F /* libsqlite3.dylib in Frameworks */ = {isa = PBXBuildFile; fileRef = F0A410C2191704BF0046480F /* libsqlite3.dylib */; };
/* End PBXBuildFile section */

/* Begin PBXFileReference section */
		255C472FBE6AAC9EC90CAFA0 /* Pods-NTJsonStoreTests.release.xcconfig */ = {isa = PBXFileReference; includeInIndex = 1; lastKnownFileType = text.xcconfig; name = "Pods-NTJsonStoreTests.release.xcconfig"; path = "Pods/Target Support Files/Pods-NTJsonStoreTests/Pods-NTJsonStoreTests.release.xcconfig"; sourceTree = "<group>"; };
		E31781205FBB1A6373DDC09C /* Pods-NTJsonStoreTests.debug.xcconfig */ = {isa = PBXFileReference; includeInIndex = 1; lastKnownFileType = text.xcconfig; name = "Pods-NTJsonStoreTests.debug.xcconfig"; path = "Pods/Target Support Files/Pods-NTJsonStoreTests/Pods-NTJsonStoreTests.debug.xcconfig"; sourceTree = "<group>"; };
		F02A1348191A920000812515 /* BaseTestCase.h */ = {isa = PBXFileReference; fileEncoding = 4; lastKnownFileType = sourcecode.c.h; path = BaseTestCase.h; sourceTree = "<group>"; };
		F02A1349191A920000812515 /* BaseTestCase.m */ = {isa = PBXFileReference; fileEncoding = 4; lastKnownFileType = sourcecode.c.objc; path = BaseTestCase.m; sourceTree = "<group>"; };
		F05F138B1AC3109C00B02DEF /* NTJsonStore */ = {isa = PBXFileReference; lastKnownFileType = folder; name = NTJsonStore; path = ..; sourceTree = "<group>"; };
		F05F138D1AC310CA00B02DEF /* Podfile */ = {isa = PBXFileReference; fileEncoding = 4; lastKnownFileType = text; path = Podfile; sourceTree = SOURCE_ROOT; };
		F0A4103C1916E7350046480F /* NTJsonStoreTests.xctest */ = {isa = PBXFileReference; explicitFileType = wrapper.cfbundle; includeInIndex = 0; path = NTJsonStoreTests.xctest; sourceTree = BUILT_PRODUCTS_DIR; };
		F0A4103F1916E7350046480F /* XCTest.framework */ = {isa = PBXFileReference; lastKnownFileType = wrapper.framework; name = XCTest.framework; path = Library/Frameworks/XCTest.framework; sourceTree = DEVELOPER_DIR; };
		F0A410411916E7350046480F /* Foundation.framework */ = {isa = PBXFileReference; lastKnownFileType = wrapper.framework; name = Foundation.framework; path = Library/Frameworks/Foundation.framework; sourceTree = DEVELOPER_DIR; };
		F0A410431916E7350046480F /* UIKit.framework */ = {isa = PBXFileReference; lastKnownFileType = wrapper.framework; name = UIKit.framework; path = Library/Frameworks/UIKit.framework; sourceTree = DEVELOPER_DIR; };
		F0A410471916E7350046480F /* NTJsonStoreTests-Info.plist */ = {isa = PBXFileReference; lastKnownFileType = text.plist.xml; path = "NTJsonStoreTests-Info.plist"; sourceTree = "<group>"; };
		F0A410491916E7350046480F /* en */ = {isa = PBXFileReference; lastKnownFileType = text.plist.strings; name = en; path = en.lproj/InfoPlist.strings; sourceTree = "<group>"; };
		F0A4104B1916E7350046480F /* NTJsonStoreTests.m */ = {isa = PBXFileReference; lastKnownFileType = sourcecode.c.objc; path = NTJsonStoreTests.m; sourceTree = "<group>"; };
		F0A4104D1916E7350046480F /* NTJsonStoreTests-Prefix.pch */ = {isa = PBXFileReference; lastKnownFileType = sourcecode.c.h; path = "NTJsonStoreTests-Prefix.pch"; sourceTree = "<group>"; };
		F0A410C2191704BF0046480F /* libsqlite3.dylib */ = {isa = PBXFileReference; lastKnownFileType = "compiled.mach-o.dylib"; name = libsqlite3.dylib; path = Platforms/iPhoneOS.platform/Developer/SDKs/iPhoneOS7.1.sdk/usr/lib/libsqlite3.dylib; sourceTree = DEVELOPER_DIR; };
		F8FB8BF83942B63AA56C4CB5 /* libPods-NTJsonStoreTests.a */ = {isa = PBXFileReference; explicitFileType = archive.ar; includeInIndex = 0; path = "libPods-NTJsonStoreTests.a"; sourceTree = BUILT_PRODUCTS_DIR; };
/* End PBXFileReference section */

/* Begin PBXFrameworksBuildPhase section */
		F0A410391916E7350046480F /* Frameworks */ = {
			isa = PBXFrameworksBuildPhase;
			buildActionMask = 2147483647;
			files = (
				F0A410C3191704BF0046480F /* libsqlite3.dylib in Frameworks */,
				F0A410401916E7350046480F /* XCTest.framework in Frameworks */,
				F0A410441916E7350046480F /* UIKit.framework in Frameworks */,
				F0A410421916E7350046480F /* Foundation.framework in Frameworks */,
				289493FE0544586A2FA64087 /* libPods-NTJsonStoreTests.a in Frameworks */,
			);
			runOnlyForDeploymentPostprocessing = 0;
		};
/* End PBXFrameworksBuildPhase section */

/* Begin PBXGroup section */
		0CDD1F470C32FA264A7983A6 /* Pods */ = {
			isa = PBXGroup;
			children = (
				E31781205FBB1A6373DDC09C /* Pods-NTJsonStoreTests.debug.xcconfig */,
				255C472FBE6AAC9EC90CAFA0 /* Pods-NTJsonStoreTests.release.xcconfig */,
			);
			name = Pods;
			sourceTree = "<group>";
		};
		F0A410311916E7200046480F = {
			isa = PBXGroup;
			children = (
				F05F138B1AC3109C00B02DEF /* NTJsonStore */,
				F0A410451916E7350046480F /* NTJsonStoreTests */,
				F0A4103E1916E7350046480F /* Frameworks */,
				F0A4103D1916E7350046480F /* Products */,
				0CDD1F470C32FA264A7983A6 /* Pods */,
			);
			sourceTree = "<group>";
		};
		F0A4103D1916E7350046480F /* Products */ = {
			isa = PBXGroup;
			children = (
				F0A4103C1916E7350046480F /* NTJsonStoreTests.xctest */,
			);
			name = Products;
			sourceTree = "<group>";
		};
		F0A4103E1916E7350046480F /* Frameworks */ = {
			isa = PBXGroup;
			children = (
				F0A410C2191704BF0046480F /* libsqlite3.dylib */,
				F0A4103F1916E7350046480F /* XCTest.framework */,
				F0A410411916E7350046480F /* Foundation.framework */,
				F0A410431916E7350046480F /* UIKit.framework */,
				F8FB8BF83942B63AA56C4CB5 /* libPods-NTJsonStoreTests.a */,
			);
			name = Frameworks;
			sourceTree = "<group>";
		};
		F0A410451916E7350046480F /* NTJsonStoreTests */ = {
			isa = PBXGroup;
			children = (
				F0A410461916E7350046480F /* Supporting Files */,
				F02A1348191A920000812515 /* BaseTestCase.h */,
				F02A1349191A920000812515 /* BaseTestCase.m */,
				F0A4104B1916E7350046480F /* NTJsonStoreTests.m */,
			);
			path = NTJsonStoreTests;
			sourceTree = "<group>";
		};
		F0A410461916E7350046480F /* Supporting Files */ = {
			isa = PBXGroup;
			children = (
				F05F138D1AC310CA00B02DEF /* Podfile */,
				F0A410471916E7350046480F /* NTJsonStoreTests-Info.plist */,
				F0A410481916E7350046480F /* InfoPlist.strings */,
				F0A4104D1916E7350046480F /* NTJsonStoreTests-Prefix.pch */,
			);
			name = "Supporting Files";
			sourceTree = "<group>";
		};
/* End PBXGroup section */

/* Begin PBXNativeTarget section */
		F0A4103B1916E7350046480F /* NTJsonStoreTests */ = {
			isa = PBXNativeTarget;
			buildConfigurationList = F0A4104E1916E7350046480F /* Build configuration list for PBXNativeTarget "NTJsonStoreTests" */;
			buildPhases = (
				0384BF0CC1176B74F29A8D53 /* Check Pods Manifest.lock */,
				F0A410381916E7350046480F /* Sources */,
				F0A410391916E7350046480F /* Frameworks */,
				F0A4103A1916E7350046480F /* Resources */,
				2CFD2F6054B74FDA9A82F2AB /* Copy Pods Resources */,
			);
			buildRules = (
			);
			dependencies = (
			);
			name = NTJsonStoreTests;
			productName = NTJsonStoreTests;
			productReference = F0A4103C1916E7350046480F /* NTJsonStoreTests.xctest */;
			productType = "com.apple.product-type.bundle.unit-test";
		};
/* End PBXNativeTarget section */

/* Begin PBXProject section */
		F0A410321916E7200046480F /* Project object */ = {
			isa = PBXProject;
			attributes = {
				LastUpgradeCheck = 0510;
			};
			buildConfigurationList = F0A410351916E7200046480F /* Build configuration list for PBXProject "NTJsonStoreTests" */;
			compatibilityVersion = "Xcode 3.2";
			developmentRegion = English;
			hasScannedForEncodings = 0;
			knownRegions = (
				en,
			);
			mainGroup = F0A410311916E7200046480F;
			productRefGroup = F0A4103D1916E7350046480F /* Products */;
			projectDirPath = "";
			projectRoot = "";
			targets = (
				F0A4103B1916E7350046480F /* NTJsonStoreTests */,
			);
		};
/* End PBXProject section */

/* Begin PBXResourcesBuildPhase section */
		F0A4103A1916E7350046480F /* Resources */ = {
			isa = PBXResourcesBuildPhase;
			buildActionMask = 2147483647;
			files = (
				F05F138E1AC310CA00B02DEF /* Podfile in Resources */,
				F05F138C1AC3109C00B02DEF /* NTJsonStore in Resources */,
				F0A4104A1916E7350046480F /* InfoPlist.strings in Resources */,
			);
			runOnlyForDeploymentPostprocessing = 0;
		};
/* End PBXResourcesBuildPhase section */

/* Begin PBXShellScriptBuildPhase section */
		0384BF0CC1176B74F29A8D53 /* Check Pods Manifest.lock */ = {
			isa = PBXShellScriptBuildPhase;
			buildActionMask = 2147483647;
			files = (
			);
			inputPaths = (
			);
			name = "Check Pods Manifest.lock";
			outputPaths = (
			);
			runOnlyForDeploymentPostprocessing = 0;
			shellPath = /bin/sh;
			shellScript = "diff \"${PODS_ROOT}/../Podfile.lock\" \"${PODS_ROOT}/Manifest.lock\" > /dev/null\nif [[ $? != 0 ]] ; then\n    cat << EOM\nerror: The sandbox is not in sync with the Podfile.lock. Run 'pod install' or update your CocoaPods installation.\nEOM\n    exit 1\nfi\n";
			showEnvVarsInLog = 0;
		};
		2CFD2F6054B74FDA9A82F2AB /* Copy Pods Resources */ = {
			isa = PBXShellScriptBuildPhase;
			buildActionMask = 2147483647;
			files = (
			);
			inputPaths = (
			);
			name = "Copy Pods Resources";
			outputPaths = (
			);
			runOnlyForDeploymentPostprocessing = 0;
			shellPath = /bin/sh;
			shellScript = "\"${SRCROOT}/Pods/Target Support Files/Pods-NTJsonStoreTests/Pods-NTJsonStoreTests-resources.sh\"\n";
			showEnvVarsInLog = 0;
		};
/* End PBXShellScriptBuildPhase section */

/* Begin PBXSourcesBuildPhase section */
		F0A410381916E7350046480F /* Sources */ = {
			isa = PBXSourcesBuildPhase;
			buildActionMask = 2147483647;
			files = (
				F0A4104C1916E7350046480F /* NTJsonStoreTests.m in Sources */,
				F02A134A191A920000812515 /* BaseTestCase.m in Sources */,
			);
			runOnlyForDeploymentPostprocessing = 0;
		};
/* End PBXSourcesBuildPhase section */

/* Begin PBXVariantGroup section */
		F0A410481916E7350046480F /* InfoPlist.strings */ = {
			isa = PBXVariantGroup;
			children = (
				F0A410491916E7350046480F /* en */,
			);
			name = InfoPlist.strings;
			sourceTree = "<group>";
		};
/* End PBXVariantGroup section */

/* Begin XCBuildConfiguration section */
		F0A410361916E7200046480F /* Debug */ = {
			isa = XCBuildConfiguration;
			buildSettings = {
				GCC_PREPROCESSOR_DEFINITIONS = NTJsonStore_SHOW_SQL;
			};
			name = Debug;
		};
		F0A410371916E7200046480F /* Release */ = {
			isa = XCBuildConfiguration;
			buildSettings = {
				GCC_PREPROCESSOR_DEFINITIONS = NTJsonStore_SHOW_SQL;
			};
			name = Release;
		};
		F0A4104F1916E7350046480F /* Debug */ = {
			isa = XCBuildConfiguration;
			baseConfigurationReference = E31781205FBB1A6373DDC09C /* Pods-NTJsonStoreTests.debug.xcconfig */;
			buildSettings = {
				ALWAYS_SEARCH_USER_PATHS = NO;
				CLANG_CXX_LANGUAGE_STANDARD = "gnu++0x";
				CLANG_CXX_LIBRARY = "libc++";
				CLANG_ENABLE_MODULES = YES;
				CLANG_ENABLE_OBJC_ARC = YES;
				CLANG_WARN_BOOL_CONVERSION = YES;
				CLANG_WARN_CONSTANT_CONVERSION = YES;
				CLANG_WARN_DIRECT_OBJC_ISA_USAGE = YES_ERROR;
				CLANG_WARN_EMPTY_BODY = YES;
				CLANG_WARN_ENUM_CONVERSION = YES;
				CLANG_WARN_INT_CONVERSION = YES;
				CLANG_WARN_OBJC_ROOT_CLASS = YES_ERROR;
				CLANG_WARN__DUPLICATE_METHOD_MATCH = YES;
				COPY_PHASE_STRIP = NO;
				FRAMEWORK_SEARCH_PATHS = (
					"$(SDKROOT)/Developer/Library/Frameworks",
					"$(inherited)",
					"$(DEVELOPER_FRAMEWORKS_DIR)",
				);
				GCC_C_LANGUAGE_STANDARD = gnu99;
				GCC_DYNAMIC_NO_PIC = NO;
				GCC_OPTIMIZATION_LEVEL = 0;
				GCC_PRECOMPILE_PREFIX_HEADER = YES;
				GCC_PREFIX_HEADER = "NTJsonStoreTests/NTJsonStoreTests-Prefix.pch";
				GCC_PREPROCESSOR_DEFINITIONS = (
					"DEBUG=1",
					"$(inherited)",
				);
				GCC_SYMBOLS_PRIVATE_EXTERN = NO;
				GCC_WARN_64_TO_32_BIT_CONVERSION = YES;
				GCC_WARN_ABOUT_RETURN_TYPE = YES_ERROR;
				GCC_WARN_UNDECLARED_SELECTOR = YES;
				GCC_WARN_UNINITIALIZED_AUTOS = YES_AGGRESSIVE;
				GCC_WARN_UNUSED_FUNCTION = YES;
				GCC_WARN_UNUSED_VARIABLE = YES;
				INFOPLIST_FILE = "NTJsonStoreTests/NTJsonStoreTests-Info.plist";
				IPHONEOS_DEPLOYMENT_TARGET = 8.0;
				ONLY_ACTIVE_ARCH = YES;
				PRODUCT_NAME = "$(TARGET_NAME)";
				SDKROOT = iphoneos;
				WRAPPER_EXTENSION = xctest;
			};
			name = Debug;
		};
		F0A410501916E7350046480F /* Release */ = {
			isa = XCBuildConfiguration;
			baseConfigurationReference = 255C472FBE6AAC9EC90CAFA0 /* Pods-NTJsonStoreTests.release.xcconfig */;
			buildSettings = {
				ALWAYS_SEARCH_USER_PATHS = NO;
				CLANG_CXX_LANGUAGE_STANDARD = "gnu++0x";
				CLANG_CXX_LIBRARY = "libc++";
				CLANG_ENABLE_MODULES = YES;
				CLANG_ENABLE_OBJC_ARC = YES;
				CLANG_WARN_BOOL_CONVERSION = YES;
				CLANG_WARN_CONSTANT_CONVERSION = YES;
				CLANG_WARN_DIRECT_OBJC_ISA_USAGE = YES_ERROR;
				CLANG_WARN_EMPTY_BODY = YES;
				CLANG_WARN_ENUM_CONVERSION = YES;
				CLANG_WARN_INT_CONVERSION = YES;
				CLANG_WARN_OBJC_ROOT_CLASS = YES_ERROR;
				CLANG_WARN__DUPLICATE_METHOD_MATCH = YES;
				COPY_PHASE_STRIP = YES;
				ENABLE_NS_ASSERTIONS = NO;
				FRAMEWORK_SEARCH_PATHS = (
					"$(SDKROOT)/Developer/Library/Frameworks",
					"$(inherited)",
					"$(DEVELOPER_FRAMEWORKS_DIR)",
				);
				GCC_C_LANGUAGE_STANDARD = gnu99;
				GCC_PRECOMPILE_PREFIX_HEADER = YES;
				GCC_PREFIX_HEADER = "NTJsonStoreTests/NTJsonStoreTests-Prefix.pch";
				GCC_WARN_64_TO_32_BIT_CONVERSION = YES;
				GCC_WARN_ABOUT_RETURN_TYPE = YES_ERROR;
				GCC_WARN_UNDECLARED_SELECTOR = YES;
				GCC_WARN_UNINITIALIZED_AUTOS = YES_AGGRESSIVE;
				GCC_WARN_UNUSED_FUNCTION = YES;
				GCC_WARN_UNUSED_VARIABLE = YES;
				INFOPLIST_FILE = "NTJsonStoreTests/NTJsonStoreTests-Info.plist";
				IPHONEOS_DEPLOYMENT_TARGET = 8.0;
				PRODUCT_NAME = "$(TARGET_NAME)";
				SDKROOT = iphoneos;
				VALIDATE_PRODUCT = YES;
				WRAPPER_EXTENSION = xctest;
			};
			name = Release;
		};
/* End XCBuildConfiguration section */

/* Begin XCConfigurationList section */
		F0A410351916E7200046480F /* Build configuration list for PBXProject "NTJsonStoreTests" */ = {
			isa = XCConfigurationList;
			buildConfigurations = (
				F0A410361916E7200046480F /* Debug */,
				F0A410371916E7200046480F /* Release */,
			);
			defaultConfigurationIsVisible = 0;
			defaultConfigurationName = Release;
		};
		F0A4104E1916E7350046480F /* Build configuration list for PBXNativeTarget "NTJsonStoreTests" */ = {
			isa = XCConfigurationList;
			buildConfigurations = (
				F0A4104F1916E7350046480F /* Debug */,
				F0A410501916E7350046480F /* Release */,
			);
			defaultConfigurationIsVisible = 0;
			defaultConfigurationName = Release;
		};
/* End XCConfigurationList section */
	};
	rootObject = F0A410321916E7200046480F /* Project object */;
}
