// !$*UTF8*$!
{
	archiveVersion = 1;
	classes = {
	};
	objectVersion = 46;
	objects = {

/* Begin PBXBuildFile section */
		F02A134A191A920000812515 /* BaseTestCase.m in Sources */ = {isa = PBXBuildFile; fileRef = F02A1349191A920000812515 /* BaseTestCase.m */; };
		F02A1371192270FD00812515 /* NTJsonDictionary.m in Sources */ = {isa = PBXBuildFile; fileRef = F02A1370192270FD00812515 /* NTJsonDictionary.m */; };
		F064B20E1A89299F00CF1AAF /* notes.md in Sources */ = {isa = PBXBuildFile; fileRef = F064B20D1A89299F00CF1AAF /* notes.md */; };
		F09D07A2196E11010073ACCE /* NTJsonStoreTypes.m in Sources */ = {isa = PBXBuildFile; fileRef = F09D07A1196E11010073ACCE /* NTJsonStoreTypes.m */; };
		F0A410401916E7350046480F /* XCTest.framework in Frameworks */ = {isa = PBXBuildFile; fileRef = F0A4103F1916E7350046480F /* XCTest.framework */; };
		F0A410421916E7350046480F /* Foundation.framework in Frameworks */ = {isa = PBXBuildFile; fileRef = F0A410411916E7350046480F /* Foundation.framework */; };
		F0A410441916E7350046480F /* UIKit.framework in Frameworks */ = {isa = PBXBuildFile; fileRef = F0A410431916E7350046480F /* UIKit.framework */; };
		F0A4104A1916E7350046480F /* InfoPlist.strings in Resources */ = {isa = PBXBuildFile; fileRef = F0A410481916E7350046480F /* InfoPlist.strings */; };
		F0A4104C1916E7350046480F /* NTJsonStoreTests.m in Sources */ = {isa = PBXBuildFile; fileRef = F0A4104B1916E7350046480F /* NTJsonStoreTests.m */; };
		F0A410B3191703CA0046480F /* NSArray+NTJsonStorePrivate.m in Sources */ = {isa = PBXBuildFile; fileRef = F0A4109F191703CA0046480F /* NSArray+NTJsonStorePrivate.m */; };
		F0A410B4191703CA0046480F /* NSDictionary+NTJsonStorePrivate.m in Sources */ = {isa = PBXBuildFile; fileRef = F0A410A1191703CA0046480F /* NSDictionary+NTJsonStorePrivate.m */; };
		F0A410B5191703CA0046480F /* NSError+NTJsonStorePrivate.m in Sources */ = {isa = PBXBuildFile; fileRef = F0A410A3191703CA0046480F /* NSError+NTJsonStorePrivate.m */; };
		F0A410B6191703CA0046480F /* NTJsonCollection.m in Sources */ = {isa = PBXBuildFile; fileRef = F0A410A5191703CA0046480F /* NTJsonCollection.m */; };
		F0A410B7191703CA0046480F /* NTJsonColumn.m in Sources */ = {isa = PBXBuildFile; fileRef = F0A410A7191703CA0046480F /* NTJsonColumn.m */; };
		F0A410B8191703CA0046480F /* NTJsonIndex.m in Sources */ = {isa = PBXBuildFile; fileRef = F0A410A9191703CA0046480F /* NTJsonIndex.m */; };
		F0A410B9191703CA0046480F /* NTJsonObjectCache.m in Sources */ = {isa = PBXBuildFile; fileRef = F0A410AB191703CA0046480F /* NTJsonObjectCache.m */; };
		F0A410BA191703CA0046480F /* NTJsonSqlConnection.m in Sources */ = {isa = PBXBuildFile; fileRef = F0A410AD191703CA0046480F /* NTJsonSqlConnection.m */; };
		F0A410BB191703CA0046480F /* NTJsonStore.m in Sources */ = {isa = PBXBuildFile; fileRef = F0A410B0191703CA0046480F /* NTJsonStore.m */; };
		F0A410BF191703DE0046480F /* NTJsonStore.podspec in Resources */ = {isa = PBXBuildFile; fileRef = F0A410BC191703DE0046480F /* NTJsonStore.podspec */; };
		F0A410C0191703DE0046480F /* README.md in Resources */ = {isa = PBXBuildFile; fileRef = F0A410BD191703DE0046480F /* README.md */; };
		F0A410C1191703DE0046480F /* LICENSE in Resources */ = {isa = PBXBuildFile; fileRef = F0A410BE191703DE0046480F /* LICENSE */; };
		F0A410C3191704BF0046480F /* libsqlite3.dylib in Frameworks */ = {isa = PBXBuildFile; fileRef = F0A410C2191704BF0046480F /* libsqlite3.dylib */; };
/* End PBXBuildFile section */

/* Begin PBXFileReference section */
		F02A1348191A920000812515 /* BaseTestCase.h */ = {isa = PBXFileReference; fileEncoding = 4; lastKnownFileType = sourcecode.c.h; path = BaseTestCase.h; sourceTree = "<group>"; };
		F02A1349191A920000812515 /* BaseTestCase.m */ = {isa = PBXFileReference; fileEncoding = 4; lastKnownFileType = sourcecode.c.objc; path = BaseTestCase.m; sourceTree = "<group>"; };
		F02A136F192270FD00812515 /* NTJsonDictionary+Private.h */ = {isa = PBXFileReference; fileEncoding = 4; lastKnownFileType = sourcecode.c.h; path = "NTJsonDictionary+Private.h"; sourceTree = "<group>"; };
		F02A1370192270FD00812515 /* NTJsonDictionary.m */ = {isa = PBXFileReference; fileEncoding = 4; lastKnownFileType = sourcecode.c.objc; path = NTJsonDictionary.m; sourceTree = "<group>"; };
		F064B20D1A89299F00CF1AAF /* notes.md */ = {isa = PBXFileReference; fileEncoding = 4; lastKnownFileType = net.daringfireball.markdown; name = notes.md; path = ../../notes.md; sourceTree = "<group>"; };
		F09D07A1196E11010073ACCE /* NTJsonStoreTypes.m */ = {isa = PBXFileReference; fileEncoding = 4; lastKnownFileType = sourcecode.c.objc; path = NTJsonStoreTypes.m; sourceTree = "<group>"; };
		F0A4103C1916E7350046480F /* NTJsonStoreTests.xctest */ = {isa = PBXFileReference; explicitFileType = wrapper.cfbundle; includeInIndex = 0; path = NTJsonStoreTests.xctest; sourceTree = BUILT_PRODUCTS_DIR; };
		F0A4103F1916E7350046480F /* XCTest.framework */ = {isa = PBXFileReference; lastKnownFileType = wrapper.framework; name = XCTest.framework; path = Library/Frameworks/XCTest.framework; sourceTree = DEVELOPER_DIR; };
		F0A410411916E7350046480F /* Foundation.framework */ = {isa = PBXFileReference; lastKnownFileType = wrapper.framework; name = Foundation.framework; path = Library/Frameworks/Foundation.framework; sourceTree = DEVELOPER_DIR; };
		F0A410431916E7350046480F /* UIKit.framework */ = {isa = PBXFileReference; lastKnownFileType = wrapper.framework; name = UIKit.framework; path = Library/Frameworks/UIKit.framework; sourceTree = DEVELOPER_DIR; };
		F0A410471916E7350046480F /* NTJsonStoreTests-Info.plist */ = {isa = PBXFileReference; lastKnownFileType = text.plist.xml; path = "NTJsonStoreTests-Info.plist"; sourceTree = "<group>"; };
		F0A410491916E7350046480F /* en */ = {isa = PBXFileReference; lastKnownFileType = text.plist.strings; name = en; path = en.lproj/InfoPlist.strings; sourceTree = "<group>"; };
		F0A4104B1916E7350046480F /* NTJsonStoreTests.m */ = {isa = PBXFileReference; lastKnownFileType = sourcecode.c.objc; path = NTJsonStoreTests.m; sourceTree = "<group>"; };
		F0A4104D1916E7350046480F /* NTJsonStoreTests-Prefix.pch */ = {isa = PBXFileReference; lastKnownFileType = sourcecode.c.h; path = "NTJsonStoreTests-Prefix.pch"; sourceTree = "<group>"; };
		F0A4109E191703CA0046480F /* NSArray+NTJsonStorePrivate.h */ = {isa = PBXFileReference; fileEncoding = 4; lastKnownFileType = sourcecode.c.h; path = "NSArray+NTJsonStorePrivate.h"; sourceTree = "<group>"; };
		F0A4109F191703CA0046480F /* NSArray+NTJsonStorePrivate.m */ = {isa = PBXFileReference; fileEncoding = 4; lastKnownFileType = sourcecode.c.objc; path = "NSArray+NTJsonStorePrivate.m"; sourceTree = "<group>"; };
		F0A410A0191703CA0046480F /* NSDictionary+NTJsonStorePrivate.h */ = {isa = PBXFileReference; fileEncoding = 4; lastKnownFileType = sourcecode.c.h; path = "NSDictionary+NTJsonStorePrivate.h"; sourceTree = "<group>"; };
		F0A410A1191703CA0046480F /* NSDictionary+NTJsonStorePrivate.m */ = {isa = PBXFileReference; fileEncoding = 4; lastKnownFileType = sourcecode.c.objc; path = "NSDictionary+NTJsonStorePrivate.m"; sourceTree = "<group>"; };
		F0A410A2191703CA0046480F /* NSError+NTJsonStorePrivate.h */ = {isa = PBXFileReference; fileEncoding = 4; lastKnownFileType = sourcecode.c.h; path = "NSError+NTJsonStorePrivate.h"; sourceTree = "<group>"; };
		F0A410A3191703CA0046480F /* NSError+NTJsonStorePrivate.m */ = {isa = PBXFileReference; fileEncoding = 4; lastKnownFileType = sourcecode.c.objc; path = "NSError+NTJsonStorePrivate.m"; sourceTree = "<group>"; };
		F0A410A4191703CA0046480F /* NTJsonCollection.h */ = {isa = PBXFileReference; fileEncoding = 4; lastKnownFileType = sourcecode.c.h; path = NTJsonCollection.h; sourceTree = "<group>"; };
		F0A410A5191703CA0046480F /* NTJsonCollection.m */ = {isa = PBXFileReference; fileEncoding = 4; lastKnownFileType = sourcecode.c.objc; path = NTJsonCollection.m; sourceTree = "<group>"; };
		F0A410A6191703CA0046480F /* NTJsonCollection+Private.h */ = {isa = PBXFileReference; fileEncoding = 4; lastKnownFileType = sourcecode.c.h; path = "NTJsonCollection+Private.h"; sourceTree = "<group>"; };
		F0A410A7191703CA0046480F /* NTJsonColumn.m */ = {isa = PBXFileReference; fileEncoding = 4; lastKnownFileType = sourcecode.c.objc; path = NTJsonColumn.m; sourceTree = "<group>"; };
		F0A410A8191703CA0046480F /* NTJsonColumn+Private.h */ = {isa = PBXFileReference; fileEncoding = 4; lastKnownFileType = sourcecode.c.h; path = "NTJsonColumn+Private.h"; sourceTree = "<group>"; };
		F0A410A9191703CA0046480F /* NTJsonIndex.m */ = {isa = PBXFileReference; fileEncoding = 4; lastKnownFileType = sourcecode.c.objc; path = NTJsonIndex.m; sourceTree = "<group>"; };
		F0A410AA191703CA0046480F /* NTJsonIndex+Private.h */ = {isa = PBXFileReference; fileEncoding = 4; lastKnownFileType = sourcecode.c.h; path = "NTJsonIndex+Private.h"; sourceTree = "<group>"; };
		F0A410AB191703CA0046480F /* NTJsonObjectCache.m */ = {isa = PBXFileReference; fileEncoding = 4; lastKnownFileType = sourcecode.c.objc; path = NTJsonObjectCache.m; sourceTree = "<group>"; };
		F0A410AC191703CA0046480F /* NTJsonObjectCache+Private.h */ = {isa = PBXFileReference; fileEncoding = 4; lastKnownFileType = sourcecode.c.h; path = "NTJsonObjectCache+Private.h"; sourceTree = "<group>"; };
		F0A410AD191703CA0046480F /* NTJsonSqlConnection.m */ = {isa = PBXFileReference; fileEncoding = 4; lastKnownFileType = sourcecode.c.objc; path = NTJsonSqlConnection.m; sourceTree = "<group>"; };
		F0A410AE191703CA0046480F /* NTJsonSqlConnection+Private.h */ = {isa = PBXFileReference; fileEncoding = 4; lastKnownFileType = sourcecode.c.h; path = "NTJsonSqlConnection+Private.h"; sourceTree = "<group>"; };
		F0A410AF191703CA0046480F /* NTJsonStore.h */ = {isa = PBXFileReference; fileEncoding = 4; lastKnownFileType = sourcecode.c.h; path = NTJsonStore.h; sourceTree = "<group>"; };
		F0A410B0191703CA0046480F /* NTJsonStore.m */ = {isa = PBXFileReference; fileEncoding = 4; lastKnownFileType = sourcecode.c.objc; path = NTJsonStore.m; sourceTree = "<group>"; };
		F0A410B1191703CA0046480F /* NTJsonStore+Private.h */ = {isa = PBXFileReference; fileEncoding = 4; lastKnownFileType = sourcecode.c.h; path = "NTJsonStore+Private.h"; sourceTree = "<group>"; };
		F0A410B2191703CA0046480F /* NTJsonStoreTypes.h */ = {isa = PBXFileReference; fileEncoding = 4; lastKnownFileType = sourcecode.c.h; path = NTJsonStoreTypes.h; sourceTree = "<group>"; };
		F0A410BC191703DE0046480F /* NTJsonStore.podspec */ = {isa = PBXFileReference; fileEncoding = 4; lastKnownFileType = text; name = NTJsonStore.podspec; path = ../../NTJsonStore.podspec; sourceTree = "<group>"; };
		F0A410BD191703DE0046480F /* README.md */ = {isa = PBXFileReference; fileEncoding = 4; lastKnownFileType = text; name = README.md; path = ../../README.md; sourceTree = "<group>"; };
		F0A410BE191703DE0046480F /* LICENSE */ = {isa = PBXFileReference; fileEncoding = 4; lastKnownFileType = text; name = LICENSE; path = ../../LICENSE; sourceTree = "<group>"; };
		F0A410C2191704BF0046480F /* libsqlite3.dylib */ = {isa = PBXFileReference; lastKnownFileType = "compiled.mach-o.dylib"; name = libsqlite3.dylib; path = Platforms/iPhoneOS.platform/Developer/SDKs/iPhoneOS7.1.sdk/usr/lib/libsqlite3.dylib; sourceTree = DEVELOPER_DIR; };
/* End PBXFileReference section */

/* Begin PBXFrameworksBuildPhase section */
		F0A410391916E7350046480F /* Frameworks */ = {
			isa = PBXFrameworksBuildPhase;
			buildActionMask = 2147483647;
			files = (
				F0A410C3191704BF0046480F /* libsqlite3.dylib in Frameworks */,
				F0A410401916E7350046480F /* XCTest.framework in Frameworks */,
				F0A410441916E7350046480F /* UIKit.framework in Frameworks */,
				F0A410421916E7350046480F /* Foundation.framework in Frameworks */,
			);
			runOnlyForDeploymentPostprocessing = 0;
		};
/* End PBXFrameworksBuildPhase section */

/* Begin PBXGroup section */
		F0A410311916E7200046480F = {
			isa = PBXGroup;
			children = (
				F0A410451916E7350046480F /* NTJsonStoreTests */,
				F0A4103E1916E7350046480F /* Frameworks */,
				F0A4103D1916E7350046480F /* Products */,
			);
			sourceTree = "<group>";
		};
		F0A4103D1916E7350046480F /* Products */ = {
			isa = PBXGroup;
			children = (
				F0A4103C1916E7350046480F /* NTJsonStoreTests.xctest */,
			);
			name = Products;
			sourceTree = "<group>";
		};
		F0A4103E1916E7350046480F /* Frameworks */ = {
			isa = PBXGroup;
			children = (
				F0A410C2191704BF0046480F /* libsqlite3.dylib */,
				F0A4103F1916E7350046480F /* XCTest.framework */,
				F0A410411916E7350046480F /* Foundation.framework */,
				F0A410431916E7350046480F /* UIKit.framework */,
			);
			name = Frameworks;
			sourceTree = "<group>";
		};
		F0A410451916E7350046480F /* NTJsonStoreTests */ = {
			isa = PBXGroup;
			children = (
				F0A4109D191703B10046480F /* NTJsonStore */,
				F0A410461916E7350046480F /* Supporting Files */,
				F02A1348191A920000812515 /* BaseTestCase.h */,
				F02A1349191A920000812515 /* BaseTestCase.m */,
				F0A4104B1916E7350046480F /* NTJsonStoreTests.m */,
			);
			path = NTJsonStoreTests;
			sourceTree = "<group>";
		};
		F0A410461916E7350046480F /* Supporting Files */ = {
			isa = PBXGroup;
			children = (
				F0A410471916E7350046480F /* NTJsonStoreTests-Info.plist */,
				F0A410481916E7350046480F /* InfoPlist.strings */,
				F0A4104D1916E7350046480F /* NTJsonStoreTests-Prefix.pch */,
			);
			name = "Supporting Files";
			sourceTree = "<group>";
		};
		F0A4109D191703B10046480F /* NTJsonStore */ = {
			isa = PBXGroup;
			children = (
				F0A410BE191703DE0046480F /* LICENSE */,
				F064B20D1A89299F00CF1AAF /* notes.md */,
				F0A4109E191703CA0046480F /* NSArray+NTJsonStorePrivate.h */,
				F0A4109F191703CA0046480F /* NSArray+NTJsonStorePrivate.m */,
				F0A410A0191703CA0046480F /* NSDictionary+NTJsonStorePrivate.h */,
				F0A410A1191703CA0046480F /* NSDictionary+NTJsonStorePrivate.m */,
				F0A410A2191703CA0046480F /* NSError+NTJsonStorePrivate.h */,
				F0A410A3191703CA0046480F /* NSError+NTJsonStorePrivate.m */,
				F0A410A4191703CA0046480F /* NTJsonCollection.h */,
				F0A410A5191703CA0046480F /* NTJsonCollection.m */,
				F0A410A6191703CA0046480F /* NTJsonCollection+Private.h */,
				F0A410A7191703CA0046480F /* NTJsonColumn.m */,
				F0A410A8191703CA0046480F /* NTJsonColumn+Private.h */,
				F02A1370192270FD00812515 /* NTJsonDictionary.m */,
				F02A136F192270FD00812515 /* NTJsonDictionary+Private.h */,
				F0A410A9191703CA0046480F /* NTJsonIndex.m */,
				F0A410AA191703CA0046480F /* NTJsonIndex+Private.h */,
				F0A410AB191703CA0046480F /* NTJsonObjectCache.m */,
				F0A410AC191703CA0046480F /* NTJsonObjectCache+Private.h */,
				F0A410AD191703CA0046480F /* NTJsonSqlConnection.m */,
				F0A410AE191703CA0046480F /* NTJsonSqlConnection+Private.h */,
				F0A410AF191703CA0046480F /* NTJsonStore.h */,
				F0A410B0191703CA0046480F /* NTJsonStore.m */,
				F0A410BC191703DE0046480F /* NTJsonStore.podspec */,
				F0A410B1191703CA0046480F /* NTJsonStore+Private.h */,
				F0A410B2191703CA0046480F /* NTJsonStoreTypes.h */,
				F09D07A1196E11010073ACCE /* NTJsonStoreTypes.m */,
				F0A410BD191703DE0046480F /* README.md */,
			);
			name = NTJsonStore;
			path = ../../Classes/ios;
			sourceTree = "<group>";
		};
/* End PBXGroup section */

/* Begin PBXNativeTarget section */
		F0A4103B1916E7350046480F /* NTJsonStoreTests */ = {
			isa = PBXNativeTarget;
			buildConfigurationList = F0A4104E1916E7350046480F /* Build configuration list for PBXNativeTarget "NTJsonStoreTests" */;
			buildPhases = (
				F0A410381916E7350046480F /* Sources */,
				F0A410391916E7350046480F /* Frameworks */,
				F0A4103A1916E7350046480F /* Resources */,
			);
			buildRules = (
			);
			dependencies = (
			);
			name = NTJsonStoreTests;
			productName = NTJsonStoreTests;
			productReference = F0A4103C1916E7350046480F /* NTJsonStoreTests.xctest */;
			productType = "com.apple.product-type.bundle.unit-test";
		};
/* End PBXNativeTarget section */

/* Begin PBXProject section */
		F0A410321916E7200046480F /* Project object */ = {
			isa = PBXProject;
			attributes = {
				LastUpgradeCheck = 0510;
			};
			buildConfigurationList = F0A410351916E7200046480F /* Build configuration list for PBXProject "NTJsonStoreTests" */;
			compatibilityVersion = "Xcode 3.2";
			developmentRegion = English;
			hasScannedForEncodings = 0;
			knownRegions = (
				en,
			);
			mainGroup = F0A410311916E7200046480F;
			productRefGroup = F0A4103D1916E7350046480F /* Products */;
			projectDirPath = "";
			projectRoot = "";
			targets = (
				F0A4103B1916E7350046480F /* NTJsonStoreTests */,
			);
		};
/* End PBXProject section */

/* Begin PBXResourcesBuildPhase section */
		F0A4103A1916E7350046480F /* Resources */ = {
			isa = PBXResourcesBuildPhase;
			buildActionMask = 2147483647;
			files = (
				F0A410C0191703DE0046480F /* README.md in Resources */,
				F0A410BF191703DE0046480F /* NTJsonStore.podspec in Resources */,
				F0A410C1191703DE0046480F /* LICENSE in Resources */,
				F0A4104A1916E7350046480F /* InfoPlist.strings in Resources */,
			);
			runOnlyForDeploymentPostprocessing = 0;
		};
/* End PBXResourcesBuildPhase section */

/* Begin PBXSourcesBuildPhase section */
		F0A410381916E7350046480F /* Sources */ = {
			isa = PBXSourcesBuildPhase;
			buildActionMask = 2147483647;
			files = (
				F0A410B3191703CA0046480F /* NSArray+NTJsonStorePrivate.m in Sources */,
				F0A410BB191703CA0046480F /* NTJsonStore.m in Sources */,
				F064B20E1A89299F00CF1AAF /* notes.md in Sources */,
				F0A410B5191703CA0046480F /* NSError+NTJsonStorePrivate.m in Sources */,
				F0A410BA191703CA0046480F /* NTJsonSqlConnection.m in Sources */,
				F0A410B8191703CA0046480F /* NTJsonIndex.m in Sources */,
				F0A4104C1916E7350046480F /* NTJsonStoreTests.m in Sources */,
				F0A410B6191703CA0046480F /* NTJsonCollection.m in Sources */,
				F02A1371192270FD00812515 /* NTJsonDictionary.m in Sources */,
				F0A410B9191703CA0046480F /* NTJsonObjectCache.m in Sources */,
				F09D07A2196E11010073ACCE /* NTJsonStoreTypes.m in Sources */,
				F0A410B4191703CA0046480F /* NSDictionary+NTJsonStorePrivate.m in Sources */,
				F02A134A191A920000812515 /* BaseTestCase.m in Sources */,
				F0A410B7191703CA0046480F /* NTJsonColumn.m in Sources */,
			);
			runOnlyForDeploymentPostprocessing = 0;
		};
/* End PBXSourcesBuildPhase section */

/* Begin PBXVariantGroup section */
		F0A410481916E7350046480F /* InfoPlist.strings */ = {
			isa = PBXVariantGroup;
			children = (
				F0A410491916E7350046480F /* en */,
			);
			name = InfoPlist.strings;
			sourceTree = "<group>";
		};
/* End PBXVariantGroup section */

/* Begin XCBuildConfiguration section */
		F0A410361916E7200046480F /* Debug */ = {
			isa = XCBuildConfiguration;
			buildSettings = {
				GCC_PREPROCESSOR_DEFINITIONS = NTJsonStore_SHOW_SQL;
			};
			name = Debug;
		};
		F0A410371916E7200046480F /* Release */ = {
			isa = XCBuildConfiguration;
			buildSettings = {
				GCC_PREPROCESSOR_DEFINITIONS = NTJsonStore_SHOW_SQL;
			};
			name = Release;
		};
		F0A4104F1916E7350046480F /* Debug */ = {
			isa = XCBuildConfiguration;
			buildSettings = {
				ALWAYS_SEARCH_USER_PATHS = NO;
				CLANG_CXX_LANGUAGE_STANDARD = "gnu++0x";
				CLANG_CXX_LIBRARY = "libc++";
				CLANG_ENABLE_MODULES = YES;
				CLANG_ENABLE_OBJC_ARC = YES;
				CLANG_WARN_BOOL_CONVERSION = YES;
				CLANG_WARN_CONSTANT_CONVERSION = YES;
				CLANG_WARN_DIRECT_OBJC_ISA_USAGE = YES_ERROR;
				CLANG_WARN_EMPTY_BODY = YES;
				CLANG_WARN_ENUM_CONVERSION = YES;
				CLANG_WARN_INT_CONVERSION = YES;
				CLANG_WARN_OBJC_ROOT_CLASS = YES_ERROR;
				CLANG_WARN__DUPLICATE_METHOD_MATCH = YES;
				COPY_PHASE_STRIP = NO;
				FRAMEWORK_SEARCH_PATHS = (
					"$(SDKROOT)/Developer/Library/Frameworks",
					"$(inherited)",
					"$(DEVELOPER_FRAMEWORKS_DIR)",
				);
				GCC_C_LANGUAGE_STANDARD = gnu99;
				GCC_DYNAMIC_NO_PIC = NO;
				GCC_OPTIMIZATION_LEVEL = 0;
				GCC_PRECOMPILE_PREFIX_HEADER = YES;
				GCC_PREFIX_HEADER = "NTJsonStoreTests/NTJsonStoreTests-Prefix.pch";
				GCC_PREPROCESSOR_DEFINITIONS = (
					"DEBUG=1",
					"$(inherited)",
				);
				GCC_SYMBOLS_PRIVATE_EXTERN = NO;
				GCC_WARN_64_TO_32_BIT_CONVERSION = YES;
				GCC_WARN_ABOUT_RETURN_TYPE = YES_ERROR;
				GCC_WARN_UNDECLARED_SELECTOR = YES;
				GCC_WARN_UNINITIALIZED_AUTOS = YES_AGGRESSIVE;
				GCC_WARN_UNUSED_FUNCTION = YES;
				GCC_WARN_UNUSED_VARIABLE = YES;
				INFOPLIST_FILE = "NTJsonStoreTests/NTJsonStoreTests-Info.plist";
				IPHONEOS_DEPLOYMENT_TARGET = 7.1;
				ONLY_ACTIVE_ARCH = YES;
				PRODUCT_NAME = "$(TARGET_NAME)";
				SDKROOT = iphoneos;
				WRAPPER_EXTENSION = xctest;
			};
			name = Debug;
		};
		F0A410501916E7350046480F /* Release */ = {
			isa = XCBuildConfiguration;
			buildSettings = {
				ALWAYS_SEARCH_USER_PATHS = NO;
				CLANG_CXX_LANGUAGE_STANDARD = "gnu++0x";
				CLANG_CXX_LIBRARY = "libc++";
				CLANG_ENABLE_MODULES = YES;
				CLANG_ENABLE_OBJC_ARC = YES;
				CLANG_WARN_BOOL_CONVERSION = YES;
				CLANG_WARN_CONSTANT_CONVERSION = YES;
				CLANG_WARN_DIRECT_OBJC_ISA_USAGE = YES_ERROR;
				CLANG_WARN_EMPTY_BODY = YES;
				CLANG_WARN_ENUM_CONVERSION = YES;
				CLANG_WARN_INT_CONVERSION = YES;
				CLANG_WARN_OBJC_ROOT_CLASS = YES_ERROR;
				CLANG_WARN__DUPLICATE_METHOD_MATCH = YES;
				COPY_PHASE_STRIP = YES;
				ENABLE_NS_ASSERTIONS = NO;
				FRAMEWORK_SEARCH_PATHS = (
					"$(SDKROOT)/Developer/Library/Frameworks",
					"$(inherited)",
					"$(DEVELOPER_FRAMEWORKS_DIR)",
				);
				GCC_C_LANGUAGE_STANDARD = gnu99;
				GCC_PRECOMPILE_PREFIX_HEADER = YES;
				GCC_PREFIX_HEADER = "NTJsonStoreTests/NTJsonStoreTests-Prefix.pch";
				GCC_WARN_64_TO_32_BIT_CONVERSION = YES;
				GCC_WARN_ABOUT_RETURN_TYPE = YES_ERROR;
				GCC_WARN_UNDECLARED_SELECTOR = YES;
				GCC_WARN_UNINITIALIZED_AUTOS = YES_AGGRESSIVE;
				GCC_WARN_UNUSED_FUNCTION = YES;
				GCC_WARN_UNUSED_VARIABLE = YES;
				INFOPLIST_FILE = "NTJsonStoreTests/NTJsonStoreTests-Info.plist";
				IPHONEOS_DEPLOYMENT_TARGET = 7.1;
				PRODUCT_NAME = "$(TARGET_NAME)";
				SDKROOT = iphoneos;
				VALIDATE_PRODUCT = YES;
				WRAPPER_EXTENSION = xctest;
			};
			name = Release;
		};
/* End XCBuildConfiguration section */

/* Begin XCConfigurationList section */
		F0A410351916E7200046480F /* Build configuration list for PBXProject "NTJsonStoreTests" */ = {
			isa = XCConfigurationList;
			buildConfigurations = (
				F0A410361916E7200046480F /* Debug */,
				F0A410371916E7200046480F /* Release */,
			);
			defaultConfigurationIsVisible = 0;
			defaultConfigurationName = Release;
		};
		F0A4104E1916E7350046480F /* Build configuration list for PBXNativeTarget "NTJsonStoreTests" */ = {
			isa = XCConfigurationList;
			buildConfigurations = (
				F0A4104F1916E7350046480F /* Debug */,
				F0A410501916E7350046480F /* Release */,
			);
			defaultConfigurationIsVisible = 0;
			defaultConfigurationName = Release;
		};
/* End XCConfigurationList section */
	};
	rootObject = F0A410321916E7200046480F /* Project object */;
}
